
Microsoft Visual Studio Solution File, Format Version 12.00
# Visual Studio 15
VisualStudioVersion = 15.0.28307.1022
MinimumVisualStudioVersion = 10.0.40219.1
Project("{9A19103F-16F7-4668-BE54-9A1E7A4F7556}") = "WWF_Api", "WWF_Api\WWF_Api.csproj", "{104B3313-B597-4C0E-975E-73FCF5711E1C}"
EndProject
Global
	GlobalSection(SolutionConfigurationPlatforms) = preSolution
		Debug|Any CPU = Debug|Any CPU
		Release|Any CPU = Release|Any CPU
	EndGlobalSection
	GlobalSection(ProjectConfigurationPlatforms) = postSolution
		{104B3313-B597-4C0E-975E-73FCF5711E1C}.Debug|Any CPU.ActiveCfg = Debug|Any CPU
		{104B3313-B597-4C0E-975E-73FCF5711E1C}.Debug|Any CPU.Build.0 = Debug|Any CPU
		{104B3313-B597-4C0E-975E-73FCF5711E1C}.Release|Any CPU.ActiveCfg = Release|Any CPU
		{104B3313-B597-4C0E-975E-73FCF5711E1C}.Release|Any CPU.Build.0 = Release|Any CPU
	EndGlobalSection
	GlobalSection(SolutionProperties) = preSolution
		HideSolutionNode = FALSE
	EndGlobalSection
	GlobalSection(ExtensibilityGlobals) = postSolution
		SolutionGuid = {C3271499-13CF-49EB-BB94-89E125361589}
	EndGlobalSection
EndGlobal
